
Microsoft Visual Studio Solution File, Format Version 12.00
# Visual Studio Version 16
VisualStudioVersion = 25.0.1704.1
MinimumVisualStudioVersion = 10.0.40219.1
Project("{FAE04EC0-301F-11D3-BF4B-00C04F79EFBC}") = "Sample_C", "Sample_C\Sample_C.csproj", "{6CBDA9CD-B724-4AD6-8BE6-764ED720DB14}"
EndProject
Global
	GlobalSection(SolutionConfigurationPlatforms) = preSolution
		Debug|Any CPU = Debug|Any CPU
		Release|Any CPU = Release|Any CPU
	EndGlobalSection
	GlobalSection(ProjectConfigurationPlatforms) = postSolution
		{6CBDA9CD-B724-4AD6-8BE6-764ED720DB14}.Debug|Any CPU.ActiveCfg = Debug|Any CPU
		{6CBDA9CD-B724-4AD6-8BE6-764ED720DB14}.Debug|Any CPU.Build.0 = Debug|Any CPU
		{6CBDA9CD-B724-4AD6-8BE6-764ED720DB14}.Release|Any CPU.ActiveCfg = Release|Any CPU
		{6CBDA9CD-B724-4AD6-8BE6-764ED720DB14}.Release|Any CPU.Build.0 = Release|Any CPU
	EndGlobalSection
	GlobalSection(SolutionProperties) = preSolution
		HideSolutionNode = FALSE
	EndGlobalSection
	GlobalSection(ExtensibilityGlobals) = postSolution
		SolutionGuid = {3011EF32-89FB-4724-A348-76F3EA6B3F36}
	EndGlobalSection
EndGlobal
